
Microsoft Visual Studio Solution File, Format Version 12.00
# Visual Studio Version 16
VisualStudioVersion = 16.0.31529.145
MinimumVisualStudioVersion = 10.0.40219.1
Project("{FAE04EC0-301F-11D3-BF4B-00C04F79EFBC}") = "CSharpInterfacesExplained", "CSharpInterfacesExplained.csproj", "{B3B8464B-6A7C-4B0E-8541-A7F97AC2F65C}"
EndProject
Global
	GlobalSection(SolutionConfigurationPlatforms) = preSolution
		Debug|Any CPU = Debug|Any CPU
		Release|Any CPU = Release|Any CPU
	EndGlobalSection
	GlobalSection(ProjectConfigurationPlatforms) = postSolution
		{B3B8464B-6A7C-4B0E-8541-A7F97AC2F65C}.Debug|Any CPU.ActiveCfg = Debug|Any CPU
		{B3B8464B-6A7C-4B0E-8541-A7F97AC2F65C}.Debug|Any CPU.Build.0 = Debug|Any CPU
		{B3B8464B-6A7C-4B0E-8541-A7F97AC2F65C}.Release|Any CPU.ActiveCfg = Release|Any CPU
		{B3B8464B-6A7C-4B0E-8541-A7F97AC2F65C}.Release|Any CPU.Build.0 = Release|Any CPU
	EndGlobalSection
	GlobalSection(SolutionProperties) = preSolution
		HideSolutionNode = FALSE
	EndGlobalSection
	GlobalSection(ExtensibilityGlobals) = postSolution
		SolutionGuid = {EAAF3EDD-D9B3-403F-8774-4A7A00FD5868}
	EndGlobalSection
EndGlobal
